
Microsoft Visual Studio Solution File, Format Version 12.00
# Visual Studio 15
VisualStudioVersion = 15.0.28307.757
MinimumVisualStudioVersion = 10.0.40219.1
Project("{9A19103F-16F7-4668-BE54-9A1E7A4F7556}") = "SampleAPI", "SampleAPI.csproj", "{37C9E876-FAA0-4CC3-87D7-567836C004AD}"
EndProject
Project("{9A19103F-16F7-4668-BE54-9A1E7A4F7556}") = "SampleAPI.Test", "test\SampleAPI.Test\SampleAPI.Test.csproj", "{D6910B19-DBC4-4CE6-8EDE-471AA6F12CD1}"
EndProject
Global
	GlobalSection(SolutionConfigurationPlatforms) = preSolution
		Debug|Any CPU = Debug|Any CPU
		Release|Any CPU = Release|Any CPU
	EndGlobalSection
	GlobalSection(ProjectConfigurationPlatforms) = postSolution
		{37C9E876-FAA0-4CC3-87D7-567836C004AD}.Debug|Any CPU.ActiveCfg = Debug|Any CPU
		{37C9E876-FAA0-4CC3-87D7-567836C004AD}.Debug|Any CPU.Build.0 = Debug|Any CPU
		{37C9E876-FAA0-4CC3-87D7-567836C004AD}.Release|Any CPU.ActiveCfg = Release|Any CPU
		{37C9E876-FAA0-4CC3-87D7-567836C004AD}.Release|Any CPU.Build.0 = Release|Any CPU
		{D6910B19-DBC4-4CE6-8EDE-471AA6F12CD1}.Debug|Any CPU.ActiveCfg = Debug|Any CPU
		{D6910B19-DBC4-4CE6-8EDE-471AA6F12CD1}.Debug|Any CPU.Build.0 = Debug|Any CPU
		{D6910B19-DBC4-4CE6-8EDE-471AA6F12CD1}.Release|Any CPU.ActiveCfg = Release|Any CPU
		{D6910B19-DBC4-4CE6-8EDE-471AA6F12CD1}.Release|Any CPU.Build.0 = Release|Any CPU
	EndGlobalSection
	GlobalSection(SolutionProperties) = preSolution
		HideSolutionNode = FALSE
	EndGlobalSection
	GlobalSection(ExtensibilityGlobals) = postSolution
		SolutionGuid = {130BF9B1-56C4-4A7D-A752-2992A400725A}
	EndGlobalSection
EndGlobal
